Microsoft Visual Studio Solution File, Format Version 12.00
# Visual Studio Version 17
VisualStudioVersion = 17.5.2.0
MinimumVisualStudioVersion = 10.0.40219.1
Project("{FAE04EC0-301F-11D3-BF4B-00C04F79EFBC}") = "PointerRipple", "PointerRipple.csproj", "{1A014133-0345-F053-5841-D04BB702B380}"
EndProject
Global
	GlobalSection(SolutionConfigurationPlatforms) = preSolution
		Debug|Any CPU = Debug|Any CPU
		Release|Any CPU = Release|Any CPU
	EndGlobalSection
	GlobalSection(ProjectConfigurationPlatforms) = postSolution
		{1A014133-0345-F053-5841-D04BB702B380}.Debug|Any CPU.ActiveCfg = Debug|Any CPU
		{1A014133-0345-F053-5841-D04BB702B380}.Debug|Any CPU.Build.0 = Debug|Any CPU
		{1A014133-0345-F053-5841-D04BB702B380}.Release|Any CPU.ActiveCfg = Release|Any CPU
		{1A014133-0345-F053-5841-D04BB702B380}.Release|Any CPU.Build.0 = Release|Any CPU
	EndGlobalSection
	GlobalSection(SolutionProperties) = preSolution
		HideSolutionNode = FALSE
	EndGlobalSection
	GlobalSection(ExtensibilityGlobals) = postSolution
		SolutionGuid = {B7B15A8C-3198-4C21-B0F0-48C6AD70CCBF}
	EndGlobalSection
EndGlobal
